{
  "name": "mandala",
  "version": "1.0.0",
  "lockfileVersion": 3,
  "requires": true,
  "packages": {
    "": {
      "name": "mandala",
      "version": "1.0.0",
      "license": "ISC",
      "dependencies": {
        "ignore": "^7.0.4"
      }
    },
    "node_modules/ignore": {
      "version": "7.0.4",
      "resolved": "https://npm.yandex-team.ru/ignore/-/ignore-7.0.4.tgz?rbtorrent=",
      "integrity": "sha512-gJzzk+PQNznz8ysRrC0aOkBNVRBDtE1n53IqyqEf3PXrYwomFs5q4pGMizBMJF+ykh03insJ27hB8gSrD2Hn8A==",
      "license": "MIT",
      "engines": {
        "node": ">= 4"
      }
    }
  }
}
